// !$*UTF8*$!
{
	archiveVersion = 1;
	classes = {
	};
	objectVersion = 55;
	objects = {

/* Begin PBXBuildFile section */
		D4BCAE62281E9998008604EA /* DavidAppenboroughApp.swift in Sources */ = {isa = PBXBuildFile; fileRef = D4BCAE61281E9998008604EA /* DavidAppenboroughApp.swift */; };
		D4BCAE64281E9998008604EA /* ContentView.swift in Sources */ = {isa = PBXBuildFile; fileRef = D4BCAE63281E9998008604EA /* ContentView.swift */; };
		D4BCAE66281E9999008604EA /* Assets.xcassets in Resources */ = {isa = PBXBuildFile; fileRef = D4BCAE65281E9999008604EA /* Assets.xcassets */; };
		D4BCAE69281E9999008604EA /* Preview Assets.xcassets in Resources */ = {isa = PBXBuildFile; fileRef = D4BCAE68281E9999008604EA /* Preview Assets.xcassets */; };
		D4BCAE73281E9999008604EA /* DavidAppenboroughTests.swift in Sources */ = {isa = PBXBuildFile; fileRef = D4BCAE72281E9999008604EA /* DavidAppenboroughTests.swift */; };
		D4BCAE7D281E9999008604EA /* DavidAppenboroughUITests.swift in Sources */ = {isa = PBXBuildFile; fileRef = D4BCAE7C281E9999008604EA /* DavidAppenboroughUITests.swift */; };
		D4BCAE7F281E9999008604EA /* DavidAppenboroughUITestsLaunchTests.swift in Sources */ = {isa = PBXBuildFile; fileRef = D4BCAE7E281E9999008604EA /* DavidAppenboroughUITestsLaunchTests.swift */; };
		D4BCAE8D281E9A49008604EA /* Stores in Resources */ = {isa = PBXBuildFile; fileRef = D4BCAE8C281E9A49008604EA /* Stores */; };
		D4BCAE90281E9A72008604EA /* Stores in Frameworks */ = {isa = PBXBuildFile; productRef = D4BCAE8F281E9A72008604EA /* Stores */; };
/* End PBXBuildFile section */

/* Begin PBXContainerItemProxy section */
		D4BCAE6F281E9999008604EA /* PBXContainerItemProxy */ = {
			isa = PBXContainerItemProxy;
			containerPortal = D4BCAE56281E9998008604EA /* Project object */;
			proxyType = 1;
			remoteGlobalIDString = D4BCAE5D281E9998008604EA;
			remoteInfo = DavidAppenborough;
		};
		D4BCAE79281E9999008604EA /* PBXContainerItemProxy */ = {
			isa = PBXContainerItemProxy;
			containerPortal = D4BCAE56281E9998008604EA /* Project object */;
			proxyType = 1;
			remoteGlobalIDString = D4BCAE5D281E9998008604EA;
			remoteInfo = DavidAppenborough;
		};
/* End PBXContainerItemProxy section */

/* Begin PBXFileReference section */
		D4BCAE5E281E9998008604EA /* DavidAppenborough.app */ = {isa = PBXFileReference; explicitFileType = wrapper.application; includeInIndex = 0; path = DavidAppenborough.app; sourceTree = BUILT_PRODUCTS_DIR; };
		D4BCAE61281E9998008604EA /* DavidAppenboroughApp.swift */ = {isa = PBXFileReference; lastKnownFileType = sourcecode.swift; path = DavidAppenboroughApp.swift; sourceTree = "<group>"; };
		D4BCAE63281E9998008604EA /* ContentView.swift */ = {isa = PBXFileReference; lastKnownFileType = sourcecode.swift; path = ContentView.swift; sourceTree = "<group>"; };
		D4BCAE65281E9999008604EA /* Assets.xcassets */ = {isa = PBXFileReference; lastKnownFileType = folder.assetcatalog; path = Assets.xcassets; sourceTree = "<group>"; };
		D4BCAE68281E9999008604EA /* Preview Assets.xcassets */ = {isa = PBXFileReference; lastKnownFileType = folder.assetcatalog; path = "Preview Assets.xcassets"; sourceTree = "<group>"; };
		D4BCAE6E281E9999008604EA /* DavidAppenboroughTests.xctest */ = {isa = PBXFileReference; explicitFileType = wrapper.cfbundle; includeInIndex = 0; path = DavidAppenboroughTests.xctest; sourceTree = BUILT_PRODUCTS_DIR; };
		D4BCAE72281E9999008604EA /* DavidAppenboroughTests.swift */ = {isa = PBXFileReference; lastKnownFileType = sourcecode.swift; path = DavidAppenboroughTests.swift; sourceTree = "<group>"; };
		D4BCAE78281E9999008604EA /* DavidAppenboroughUITests.xctest */ = {isa = PBXFileReference; explicitFileType = wrapper.cfbundle; includeInIndex = 0; path = DavidAppenboroughUITests.xctest; sourceTree = BUILT_PRODUCTS_DIR; };
		D4BCAE7C281E9999008604EA /* DavidAppenboroughUITests.swift */ = {isa = PBXFileReference; lastKnownFileType = sourcecode.swift; path = DavidAppenboroughUITests.swift; sourceTree = "<group>"; };
		D4BCAE7E281E9999008604EA /* DavidAppenboroughUITestsLaunchTests.swift */ = {isa = PBXFileReference; lastKnownFileType = sourcecode.swift; path = DavidAppenboroughUITestsLaunchTests.swift; sourceTree = "<group>"; };
		D4BCAE8C281E9A49008604EA /* Stores */ = {isa = PBXFileReference; lastKnownFileType = wrapper; path = Stores; sourceTree = "<group>"; };
/* End PBXFileReference section */

/* Begin PBXFrameworksBuildPhase section */
		D4BCAE5B281E9998008604EA /* Frameworks */ = {
			isa = PBXFrameworksBuildPhase;
			buildActionMask = 2147483647;
			files = (
				D4BCAE90281E9A72008604EA /* Stores in Frameworks */,
			);
			runOnlyForDeploymentPostprocessing = 0;
		};
		D4BCAE6B281E9999008604EA /* Frameworks */ = {
			isa = PBXFrameworksBuildPhase;
			buildActionMask = 2147483647;
			files = (
			);
			runOnlyForDeploymentPostprocessing = 0;
		};
		D4BCAE75281E9999008604EA /* Frameworks */ = {
			isa = PBXFrameworksBuildPhase;
			buildActionMask = 2147483647;
			files = (
			);
			runOnlyForDeploymentPostprocessing = 0;
		};
/* End PBXFrameworksBuildPhase section */

/* Begin PBXGroup section */
		D4BCAE55281E9998008604EA = {
			isa = PBXGroup;
			children = (
				D4BCAE8B281E99DC008604EA /* Packages */,
				D4BCAE60281E9998008604EA /* DavidAppenborough */,
				D4BCAE71281E9999008604EA /* DavidAppenboroughTests */,
				D4BCAE7B281E9999008604EA /* DavidAppenboroughUITests */,
				D4BCAE5F281E9998008604EA /* Products */,
				D4BCAE8E281E9A72008604EA /* Frameworks */,
			);
			sourceTree = "<group>";
		};
		D4BCAE5F281E9998008604EA /* Products */ = {
			isa = PBXGroup;
			children = (
				D4BCAE5E281E9998008604EA /* DavidAppenborough.app */,
				D4BCAE6E281E9999008604EA /* DavidAppenboroughTests.xctest */,
				D4BCAE78281E9999008604EA /* DavidAppenboroughUITests.xctest */,
			);
			name = Products;
			sourceTree = "<group>";
		};
		D4BCAE60281E9998008604EA /* DavidAppenborough */ = {
			isa = PBXGroup;
			children = (
				D4BCAE61281E9998008604EA /* DavidAppenboroughApp.swift */,
				D4BCAE63281E9998008604EA /* ContentView.swift */,
				D4BCAE65281E9999008604EA /* Assets.xcassets */,
				D4BCAE67281E9999008604EA /* Preview Content */,
			);
			path = DavidAppenborough;
			sourceTree = "<group>";
		};
		D4BCAE67281E9999008604EA /* Preview Content */ = {
			isa = PBXGroup;
			children = (
				D4BCAE68281E9999008604EA /* Preview Assets.xcassets */,
			);
			path = "Preview Content";
			sourceTree = "<group>";
		};
		D4BCAE71281E9999008604EA /* DavidAppenboroughTests */ = {
			isa = PBXGroup;
			children = (
				D4BCAE72281E9999008604EA /* DavidAppenboroughTests.swift */,
			);
			path = DavidAppenboroughTests;
			sourceTree = "<group>";
		};
		D4BCAE7B281E9999008604EA /* DavidAppenboroughUITests */ = {
			isa = PBXGroup;
			children = (
				D4BCAE7C281E9999008604EA /* DavidAppenboroughUITests.swift */,
				D4BCAE7E281E9999008604EA /* DavidAppenboroughUITestsLaunchTests.swift */,
			);
			path = DavidAppenboroughUITests;
			sourceTree = "<group>";
		};
		D4BCAE8B281E99DC008604EA /* Packages */ = {
			isa = PBXGroup;
			children = (
				D4BCAE8C281E9A49008604EA /* Stores */,
			);
			path = Packages;
			sourceTree = "<group>";
		};
		D4BCAE8E281E9A72008604EA /* Frameworks */ = {
			isa = PBXGroup;
			children = (
			);
			name = Frameworks;
			sourceTree = "<group>";
		};
/* End PBXGroup section */

/* Begin PBXNativeTarget section */
		D4BCAE5D281E9998008604EA /* DavidAppenborough */ = {
			isa = PBXNativeTarget;
			buildConfigurationList = D4BCAE82281E9999008604EA /* Build configuration list for PBXNativeTarget "DavidAppenborough" */;
			buildPhases = (
				D4BCAE5A281E9998008604EA /* Sources */,
				D4BCAE5B281E9998008604EA /* Frameworks */,
				D4BCAE5C281E9998008604EA /* Resources */,
			);
			buildRules = (
			);
			dependencies = (
			);
			name = DavidAppenborough;
			packageProductDependencies = (
				D4BCAE8F281E9A72008604EA /* Stores */,
			);
			productName = DavidAppenborough;
			productReference = D4BCAE5E281E9998008604EA /* DavidAppenborough.app */;
			productType = "com.apple.product-type.application";
		};
		D4BCAE6D281E9999008604EA /* DavidAppenboroughTests */ = {
			isa = PBXNativeTarget;
			buildConfigurationList = D4BCAE85281E9999008604EA /* Build configuration list for PBXNativeTarget "DavidAppenboroughTests" */;
			buildPhases = (
				D4BCAE6A281E9999008604EA /* Sources */,
				D4BCAE6B281E9999008604EA /* Frameworks */,
				D4BCAE6C281E9999008604EA /* Resources */,
			);
			buildRules = (
			);
			dependencies = (
				D4BCAE70281E9999008604EA /* PBXTargetDependency */,
			);
			name = DavidAppenboroughTests;
			productName = DavidAppenboroughTests;
			productReference = D4BCAE6E281E9999008604EA /* DavidAppenboroughTests.xctest */;
			productType = "com.apple.product-type.bundle.unit-test";
		};
		D4BCAE77281E9999008604EA /* DavidAppenboroughUITests */ = {
			isa = PBXNativeTarget;
			buildConfigurationList = D4BCAE88281E9999008604EA /* Build configuration list for PBXNativeTarget "DavidAppenboroughUITests" */;
			buildPhases = (
				D4BCAE74281E9999008604EA /* Sources */,
				D4BCAE75281E9999008604EA /* Frameworks */,
				D4BCAE76281E9999008604EA /* Resources */,
			);
			buildRules = (
			);
			dependencies = (
				D4BCAE7A281E9999008604EA /* PBXTargetDependency */,
			);
			name = DavidAppenboroughUITests;
			productName = DavidAppenboroughUITests;
			productReference = D4BCAE78281E9999008604EA /* DavidAppenboroughUITests.xctest */;
			productType = "com.apple.product-type.bundle.ui-testing";
		};
/* End PBXNativeTarget section */

/* Begin PBXProject section */
		D4BCAE56281E9998008604EA /* Project object */ = {
			isa = PBXProject;
			attributes = {
				BuildIndependentTargetsInParallel = 1;
				LastSwiftUpdateCheck = 1330;
				LastUpgradeCheck = 1330;
				TargetAttributes = {
					D4BCAE5D281E9998008604EA = {
						CreatedOnToolsVersion = 13.3;
					};
					D4BCAE6D281E9999008604EA = {
						CreatedOnToolsVersion = 13.3;
						TestTargetID = D4BCAE5D281E9998008604EA;
					};
					D4BCAE77281E9999008604EA = {
						CreatedOnToolsVersion = 13.3;
						TestTargetID = D4BCAE5D281E9998008604EA;
					};
				};
			};
			buildConfigurationList = D4BCAE59281E9998008604EA /* Build configuration list for PBXProject "DavidAppenborough" */;
			compatibilityVersion = "Xcode 13.0";
			developmentRegion = en;
			hasScannedForEncodings = 0;
			knownRegions = (
				en,
				Base,
			);
			mainGroup = D4BCAE55281E9998008604EA;
			productRefGroup = D4BCAE5F281E9998008604EA /* Products */;
			projectDirPath = "";
			projectRoot = "";
			targets = (
				D4BCAE5D281E9998008604EA /* DavidAppenborough */,
				D4BCAE6D281E9999008604EA /* DavidAppenboroughTests */,
				D4BCAE77281E9999008604EA /* DavidAppenboroughUITests */,
			);
		};
/* End PBXProject section */

/* Begin PBXResourcesBuildPhase section */
		D4BCAE5C281E9998008604EA /* Resources */ = {
			isa = PBXResourcesBuildPhase;
			buildActionMask = 2147483647;
			files = (
				D4BCAE69281E9999008604EA /* Preview Assets.xcassets in Resources */,
				D4BCAE8D281E9A49008604EA /* Stores in Resources */,
				D4BCAE66281E9999008604EA /* Assets.xcassets in Resources */,
			);
			runOnlyForDeploymentPostprocessing = 0;
		};
		D4BCAE6C281E9999008604EA /* Resources */ = {
			isa = PBXResourcesBuildPhase;
			buildActionMask = 2147483647;
			files = (
			);
			runOnlyForDeploymentPostprocessing = 0;
		};
		D4BCAE76281E9999008604EA /* Resources */ = {
			isa = PBXResourcesBuildPhase;
			buildActionMask = 2147483647;
			files = (
			);
			runOnlyForDeploymentPostprocessing = 0;
		};
/* End PBXResourcesBuildPhase section */

/* Begin PBXSourcesBuildPhase section */
		D4BCAE5A281E9998008604EA /* Sources */ = {
			isa = PBXSourcesBuildPhase;
			buildActionMask = 2147483647;
			files = (
				D4BCAE64281E9998008604EA /* ContentView.swift in Sources */,
				D4BCAE62281E9998008604EA /* DavidAppenboroughApp.swift in Sources */,
			);
			runOnlyForDeploymentPostprocessing = 0;
		};
		D4BCAE6A281E9999008604EA /* Sources */ = {
			isa = PBXSourcesBuildPhase;
			buildActionMask = 2147483647;
			files = (
				D4BCAE73281E9999008604EA /* DavidAppenboroughTests.swift in Sources */,
			);
			runOnlyForDeploymentPostprocessing = 0;
		};
		D4BCAE74281E9999008604EA /* Sources */ = {
			isa = PBXSourcesBuildPhase;
			buildActionMask = 2147483647;
			files = (
				D4BCAE7D281E9999008604EA /* DavidAppenboroughUITests.swift in Sources */,
				D4BCAE7F281E9999008604EA /* DavidAppenboroughUITestsLaunchTests.swift in Sources */,
			);
			runOnlyForDeploymentPostprocessing = 0;
		};
/* End PBXSourcesBuildPhase section */

/* Begin PBXTargetDependency section */
		D4BCAE70281E9999008604EA /* PBXTargetDependency */ = {
			isa = PBXTargetDependency;
			target = D4BCAE5D281E9998008604EA /* DavidAppenborough */;
			targetProxy = D4BCAE6F281E9999008604EA /* PBXContainerItemProxy */;
		};
		D4BCAE7A281E9999008604EA /* PBXTargetDependency */ = {
			isa = PBXTargetDependency;
			target = D4BCAE5D281E9998008604EA /* DavidAppenborough */;
			targetProxy = D4BCAE79281E9999008604EA /* PBXContainerItemProxy */;
		};
/* End PBXTargetDependency section */

/* Begin XCBuildConfiguration section */
		D4BCAE80281E9999008604EA /* Debug */ = {
			isa = XCBuildConfiguration;
			buildSettings = {
				ALWAYS_SEARCH_USER_PATHS = NO;
				CLANG_ANALYZER_NONNULL = YES;
				CLANG_ANALYZER_NUMBER_OBJECT_CONVERSION = YES_AGGRESSIVE;
				CLANG_CXX_LANGUAGE_STANDARD = "gnu++17";
				CLANG_ENABLE_MODULES = YES;
				CLANG_ENABLE_OBJC_ARC = YES;
				CLANG_ENABLE_OBJC_WEAK = YES;
				CLANG_WARN_BLOCK_CAPTURE_AUTORELEASING = YES;
				CLANG_WARN_BOOL_CONVERSION = YES;
				CLANG_WARN_COMMA = YES;
				CLANG_WARN_CONSTANT_CONVERSION = YES;
				CLANG_WARN_DEPRECATED_OBJC_IMPLEMENTATIONS = YES;
				CLANG_WARN_DIRECT_OBJC_ISA_USAGE = YES_ERROR;
				CLANG_WARN_DOCUMENTATION_COMMENTS = YES;
				CLANG_WARN_EMPTY_BODY = YES;
				CLANG_WARN_ENUM_CONVERSION = YES;
				CLANG_WARN_INFINITE_RECURSION = YES;
				CLANG_WARN_INT_CONVERSION = YES;
				CLANG_WARN_NON_LITERAL_NULL_CONVERSION = YES;
				CLANG_WARN_OBJC_IMPLICIT_RETAIN_SELF = YES;
				CLANG_WARN_OBJC_LITERAL_CONVERSION = YES;
				CLANG_WARN_OBJC_ROOT_CLASS = YES_ERROR;
				CLANG_WARN_QUOTED_INCLUDE_IN_FRAMEWORK_HEADER = YES;
				CLANG_WARN_RANGE_LOOP_ANALYSIS = YES;
				CLANG_WARN_STRICT_PROTOTYPES = YES;
				CLANG_WARN_SUSPICIOUS_MOVE = YES;
				CLANG_WARN_UNGUARDED_AVAILABILITY = YES_AGGRESSIVE;
				CLANG_WARN_UNREACHABLE_CODE = YES;
				CLANG_WARN__DUPLICATE_METHOD_MATCH = YES;
				COPY_PHASE_STRIP = NO;
				DEBUG_INFORMATION_FORMAT = dwarf;
				ENABLE_STRICT_OBJC_MSGSEND = YES;
				ENABLE_TESTABILITY = YES;
				GCC_C_LANGUAGE_STANDARD = gnu11;
				GCC_DYNAMIC_NO_PIC = NO;
				GCC_NO_COMMON_BLOCKS = YES;
				GCC_OPTIMIZATION_LEVEL = 0;
				GCC_PREPROCESSOR_DEFINITIONS = (
					"DEBUG=1",
					"$(inherited)",
				);
				GCC_WARN_64_TO_32_BIT_CONVERSION = YES;
				GCC_WARN_ABOUT_RETURN_TYPE = YES_ERROR;
				GCC_WARN_UNDECLARED_SELECTOR = YES;
				GCC_WARN_UNINITIALIZED_AUTOS = YES_AGGRESSIVE;
				GCC_WARN_UNUSED_FUNCTION = YES;
				GCC_WARN_UNUSED_VARIABLE = YES;
				IPHONEOS_DEPLOYMENT_TARGET = 15.0;
				MTL_ENABLE_DEBUG_INFO = INCLUDE_SOURCE;
				MTL_FAST_MATH = YES;
				ONLY_ACTIVE_ARCH = YES;
				SDKROOT = iphoneos;
				SWIFT_ACTIVE_COMPILATION_CONDITIONS = DEBUG;
				SWIFT_OPTIMIZATION_LEVEL = "-Onone";
			};
			name = Debug;
		};
		D4BCAE81281E9999008604EA /* Release */ = {
			isa = XCBuildConfiguration;
			buildSettings = {
				ALWAYS_SEARCH_USER_PATHS = NO;
				CLANG_ANALYZER_NONNULL = YES;
				CLANG_ANALYZER_NUMBER_OBJECT_CONVERSION = YES_AGGRESSIVE;
				CLANG_CXX_LANGUAGE_STANDARD = "gnu++17";
				CLANG_ENABLE_MODULES = YES;
				CLANG_ENABLE_OBJC_ARC = YES;
				CLANG_ENABLE_OBJC_WEAK = YES;
				CLANG_WARN_BLOCK_CAPTURE_AUTORELEASING = YES;
				CLANG_WARN_BOOL_CONVERSION = YES;
				CLANG_WARN_COMMA = YES;
				CLANG_WARN_CONSTANT_CONVERSION = YES;
				CLANG_WARN_DEPRECATED_OBJC_IMPLEMENTATIONS = YES;
				CLANG_WARN_DIRECT_OBJC_ISA_USAGE = YES_ERROR;
				CLANG_WARN_DOCUMENTATION_COMMENTS = YES;
				CLANG_WARN_EMPTY_BODY = YES;
				CLANG_WARN_ENUM_CONVERSION = YES;
				CLANG_WARN_INFINITE_RECURSION = YES;
				CLANG_WARN_INT_CONVERSION = YES;
				CLANG_WARN_NON_LITERAL_NULL_CONVERSION = YES;
				CLANG_WARN_OBJC_IMPLICIT_RETAIN_SELF = YES;
				CLANG_WARN_OBJC_LITERAL_CONVERSION = YES;
				CLANG_WARN_OBJC_ROOT_CLASS = YES_ERROR;
				CLANG_WARN_QUOTED_INCLUDE_IN_FRAMEWORK_HEADER = YES;
				CLANG_WARN_RANGE_LOOP_ANALYSIS = YES;
				CLANG_WARN_STRICT_PROTOTYPES = YES;
				CLANG_WARN_SUSPICIOUS_MOVE = YES;
				CLANG_WARN_UNGUARDED_AVAILABILITY = YES_AGGRESSIVE;
				CLANG_WARN_UNREACHABLE_CODE = YES;
				CLANG_WARN__DUPLICATE_METHOD_MATCH = YES;
				COPY_PHASE_STRIP = NO;
				DEBUG_INFORMATION_FORMAT = "dwarf-with-dsym";
				ENABLE_NS_ASSERTIONS = NO;
				ENABLE_STRICT_OBJC_MSGSEND = YES;
				GCC_C_LANGUAGE_STANDARD = gnu11;
				GCC_NO_COMMON_BLOCKS = YES;
				GCC_WARN_64_TO_32_BIT_CONVERSION = YES;
				GCC_WARN_ABOUT_RETURN_TYPE = YES_ERROR;
				GCC_WARN_UNDECLARED_SELECTOR = YES;
				GCC_WARN_UNINITIALIZED_AUTOS = YES_AGGRESSIVE;
				GCC_WARN_UNUSED_FUNCTION = YES;
				GCC_WARN_UNUSED_VARIABLE = YES;
				IPHONEOS_DEPLOYMENT_TARGET = 15.0;
				MTL_ENABLE_DEBUG_INFO = NO;
				MTL_FAST_MATH = YES;
				SDKROOT = iphoneos;
				SWIFT_COMPILATION_MODE = wholemodule;
				SWIFT_OPTIMIZATION_LEVEL = "-O";
				VALIDATE_PRODUCT = YES;
			};
			name = Release;
		};
		D4BCAE83281E9999008604EA /* Debug */ = {
			isa = XCBuildConfiguration;
			buildSettings = {
				ASSETCATALOG_COMPILER_APPICON_NAME = AppIcon;
				ASSETCATALOG_COMPILER_GLOBAL_ACCENT_COLOR_NAME = AccentColor;
				CODE_SIGN_STYLE = Automatic;
				CURRENT_PROJECT_VERSION = 1;
				DEVELOPMENT_ASSET_PATHS = "\"DavidAppenborough/Preview Content\"";
				DEVELOPMENT_TEAM = 2J5Z57S38N;
				ENABLE_PREVIEWS = YES;
				GENERATE_INFOPLIST_FILE = YES;
				INFOPLIST_KEY_UIApplicationSceneManifest_Generation = YES;
				INFOPLIST_KEY_UIApplicationSupportsIndirectInputEvents = YES;
				INFOPLIST_KEY_UILaunchScreen_Generation = YES;
				INFOPLIST_KEY_UISupportedInterfaceOrientations_iPad = "UIInterfaceOrientationPortrait UIInterfaceOrientationPortraitUpsideDown UIInterfaceOrientationLandscapeLeft UIInterfaceOrientationLandscapeRight";
				INFOPLIST_KEY_UISupportedInterfaceOrientations_iPhone = "UIInterfaceOrientationPortrait UIInterfaceOrientationLandscapeLeft UIInterfaceOrientationLandscapeRight";
				LD_RUNPATH_SEARCH_PATHS = (
					"$(inherited)",
					"@executable_path/Frameworks",
				);
				MARKETING_VERSION = 1.0;
				PRODUCT_BUNDLE_IDENTIFIER = uk.co.noahknudsen.DavidAppenborough;
				PRODUCT_NAME = "$(TARGET_NAME)";
				SWIFT_EMIT_LOC_STRINGS = YES;
				SWIFT_VERSION = 5.0;
				TARGETED_DEVICE_FAMILY = "1,2";
			};
			name = Debug;
		};
		D4BCAE84281E9999008604EA /* Release */ = {
			isa = XCBuildConfiguration;
			buildSettings = {
				ASSETCATALOG_COMPILER_APPICON_NAME = AppIcon;
				ASSETCATALOG_COMPILER_GLOBAL_ACCENT_COLOR_NAME = AccentColor;
				CODE_SIGN_STYLE = Automatic;
				CURRENT_PROJECT_VERSION = 1;
				DEVELOPMENT_ASSET_PATHS = "\"DavidAppenborough/Preview Content\"";
				DEVELOPMENT_TEAM = 2J5Z57S38N;
				ENABLE_PREVIEWS = YES;
				GENERATE_INFOPLIST_FILE = YES;
				INFOPLIST_KEY_UIApplicationSceneManifest_Generation = YES;
				INFOPLIST_KEY_UIApplicationSupportsIndirectInputEvents = YES;
				INFOPLIST_KEY_UILaunchScreen_Generation = YES;
				INFOPLIST_KEY_UISupportedInterfaceOrientations_iPad = "UIInterfaceOrientationPortrait UIInterfaceOrientationPortraitUpsideDown UIInterfaceOrientationLandscapeLeft UIInterfaceOrientationLandscapeRight";
				INFOPLIST_KEY_UISupportedInterfaceOrientations_iPhone = "UIInterfaceOrientationPortrait UIInterfaceOrientationLandscapeLeft UIInterfaceOrientationLandscapeRight";
				LD_RUNPATH_SEARCH_PATHS = (
					"$(inherited)",
					"@executable_path/Frameworks",
				);
				MARKETING_VERSION = 1.0;
				PRODUCT_BUNDLE_IDENTIFIER = uk.co.noahknudsen.DavidAppenborough;
				PRODUCT_NAME = "$(TARGET_NAME)";
				SWIFT_EMIT_LOC_STRINGS = YES;
				SWIFT_VERSION = 5.0;
				TARGETED_DEVICE_FAMILY = "1,2";
			};
			name = Release;
		};
		D4BCAE86281E9999008604EA /* Debug */ = {
			isa = XCBuildConfiguration;
			buildSettings = {
				ALWAYS_EMBED_SWIFT_STANDARD_LIBRARIES = YES;
				BUNDLE_LOADER = "$(TEST_HOST)";
				CODE_SIGN_STYLE = Automatic;
				CURRENT_PROJECT_VERSION = 1;
				DEVELOPMENT_TEAM = 2J5Z57S38N;
				GENERATE_INFOPLIST_FILE = YES;
				IPHONEOS_DEPLOYMENT_TARGET = 15.4;
				MARKETING_VERSION = 1.0;
				PRODUCT_BUNDLE_IDENTIFIER = uk.co.noahknudsen.DavidAppenboroughTests;
				PRODUCT_NAME = "$(TARGET_NAME)";
				SWIFT_EMIT_LOC_STRINGS = NO;
				SWIFT_VERSION = 5.0;
				TARGETED_DEVICE_FAMILY = "1,2";
				TEST_HOST = "$(BUILT_PRODUCTS_DIR)/DavidAppenborough.app/DavidAppenborough";
			};
			name = Debug;
		};
		D4BCAE87281E9999008604EA /* Release */ = {
			isa = XCBuildConfiguration;
			buildSettings = {
				ALWAYS_EMBED_SWIFT_STANDARD_LIBRARIES = YES;
				BUNDLE_LOADER = "$(TEST_HOST)";
				CODE_SIGN_STYLE = Automatic;
				CURRENT_PROJECT_VERSION = 1;
				DEVELOPMENT_TEAM = 2J5Z57S38N;
				GENERATE_INFOPLIST_FILE = YES;
				IPHONEOS_DEPLOYMENT_TARGET = 15.4;
				MARKETING_VERSION = 1.0;
				PRODUCT_BUNDLE_IDENTIFIER = uk.co.noahknudsen.DavidAppenboroughTests;
				PRODUCT_NAME = "$(TARGET_NAME)";
				SWIFT_EMIT_LOC_STRINGS = NO;
				SWIFT_VERSION = 5.0;
				TARGETED_DEVICE_FAMILY = "1,2";
				TEST_HOST = "$(BUILT_PRODUCTS_DIR)/DavidAppenborough.app/DavidAppenborough";
			};
			name = Release;
		};
		D4BCAE89281E9999008604EA /* Debug */ = {
			isa = XCBuildConfiguration;
			buildSettings = {
				ALWAYS_EMBED_SWIFT_STANDARD_LIBRARIES = YES;
				CODE_SIGN_STYLE = Automatic;
				CURRENT_PROJECT_VERSION = 1;
				DEVELOPMENT_TEAM = 2J5Z57S38N;
				GENERATE_INFOPLIST_FILE = YES;
				MARKETING_VERSION = 1.0;
				PRODUCT_BUNDLE_IDENTIFIER = uk.co.noahknudsen.DavidAppenboroughUITests;
				PRODUCT_NAME = "$(TARGET_NAME)";
				SWIFT_EMIT_LOC_STRINGS = NO;
				SWIFT_VERSION = 5.0;
				TARGETED_DEVICE_FAMILY = "1,2";
				TEST_TARGET_NAME = DavidAppenborough;
			};
			name = Debug;
		};
		D4BCAE8A281E9999008604EA /* Release */ = {
			isa = XCBuildConfiguration;
			buildSettings = {
				ALWAYS_EMBED_SWIFT_STANDARD_LIBRARIES = YES;
				CODE_SIGN_STYLE = Automatic;
				CURRENT_PROJECT_VERSION = 1;
				DEVELOPMENT_TEAM = 2J5Z57S38N;
				GENERATE_INFOPLIST_FILE = YES;
				MARKETING_VERSION = 1.0;
				PRODUCT_BUNDLE_IDENTIFIER = uk.co.noahknudsen.DavidAppenboroughUITests;
				PRODUCT_NAME = "$(TARGET_NAME)";
				SWIFT_EMIT_LOC_STRINGS = NO;
				SWIFT_VERSION = 5.0;
				TARGETED_DEVICE_FAMILY = "1,2";
				TEST_TARGET_NAME = DavidAppenborough;
			};
			name = Release;
		};
/* End XCBuildConfiguration section */

/* Begin XCConfigurationList section */
		D4BCAE59281E9998008604EA /* Build configuration list for PBXProject "DavidAppenborough" */ = {
			isa = XCConfigurationList;
			buildConfigurations = (
				D4BCAE80281E9999008604EA /* Debug */,
				D4BCAE81281E9999008604EA /* Release */,
			);
			defaultConfigurationIsVisible = 0;
			defaultConfigurationName = Release;
		};
		D4BCAE82281E9999008604EA /* Build configuration list for PBXNativeTarget "DavidAppenborough" */ = {
			isa = XCConfigurationList;
			buildConfigurations = (
				D4BCAE83281E9999008604EA /* Debug */,
				D4BCAE84281E9999008604EA /* Release */,
			);
			defaultConfigurationIsVisible = 0;
			defaultConfigurationName = Release;
		};
		D4BCAE85281E9999008604EA /* Build configuration list for PBXNativeTarget "DavidAppenboroughTests" */ = {
			isa = XCConfigurationList;
			buildConfigurations = (
				D4BCAE86281E9999008604EA /* Debug */,
				D4BCAE87281E9999008604EA /* Release */,
			);
			defaultConfigurationIsVisible = 0;
			defaultConfigurationName = Release;
		};
		D4BCAE88281E9999008604EA /* Build configuration list for PBXNativeTarget "DavidAppenboroughUITests" */ = {
			isa = XCConfigurationList;
			buildConfigurations = (
				D4BCAE89281E9999008604EA /* Debug */,
				D4BCAE8A281E9999008604EA /* Release */,
			);
			defaultConfigurationIsVisible = 0;
			defaultConfigurationName = Release;
		};
/* End XCConfigurationList section */

/* Begin XCSwiftPackageProductDependency section */
		D4BCAE8F281E9A72008604EA /* Stores */ = {
			isa = XCSwiftPackageProductDependency;
			productName = Stores;
		};
/* End XCSwiftPackageProductDependency section */
	};
	rootObject = D4BCAE56281E9998008604EA /* Project object */;
}
